
Microsoft Visual Studio Solution File, Format Version 12.00
# Visual Studio 2012
Project("{FAE04EC0-301F-11D3-BF4B-00C04F79EFBC}") = "JsonPostsRepositoryViewer", "JsonPostsRepositoryViewer\JsonPostsRepositoryViewer.csproj", "{96BC1B70-481C-4018-98E3-67D2276BB1ED}"
EndProject
Project("{FAE04EC0-301F-11D3-BF4B-00C04F79EFBC}") = "JsonPostsRepositoryService", "JsonPostsRepositoryService\JsonPostsRepositoryService.csproj", "{7876385A-0358-4F50-BE7F-85AB4C06E856}"
EndProject
Project("{FAE04EC0-301F-11D3-BF4B-00C04F79EFBC}") = "JsonPostsRepositoryTests", "JsonPostsRepositoryTests\JsonPostsRepositoryTests.csproj", "{B65EDAF2-C822-4D45-A9CA-ED7FF5A5C212}"
EndProject
Global
	GlobalSection(SolutionConfigurationPlatforms) = preSolution
		Debug|Any CPU = Debug|Any CPU
		Release|Any CPU = Release|Any CPU
	EndGlobalSection
	GlobalSection(ProjectConfigurationPlatforms) = postSolution
		{96BC1B70-481C-4018-98E3-67D2276BB1ED}.Debug|Any CPU.ActiveCfg = Debug|Any CPU
		{96BC1B70-481C-4018-98E3-67D2276BB1ED}.Debug|Any CPU.Build.0 = Debug|Any CPU
		{96BC1B70-481C-4018-98E3-67D2276BB1ED}.Release|Any CPU.ActiveCfg = Release|Any CPU
		{96BC1B70-481C-4018-98E3-67D2276BB1ED}.Release|Any CPU.Build.0 = Release|Any CPU
		{7876385A-0358-4F50-BE7F-85AB4C06E856}.Debug|Any CPU.ActiveCfg = Debug|Any CPU
		{7876385A-0358-4F50-BE7F-85AB4C06E856}.Debug|Any CPU.Build.0 = Debug|Any CPU
		{7876385A-0358-4F50-BE7F-85AB4C06E856}.Release|Any CPU.ActiveCfg = Release|Any CPU
		{7876385A-0358-4F50-BE7F-85AB4C06E856}.Release|Any CPU.Build.0 = Release|Any CPU
		{B65EDAF2-C822-4D45-A9CA-ED7FF5A5C212}.Debug|Any CPU.ActiveCfg = Debug|Any CPU
		{B65EDAF2-C822-4D45-A9CA-ED7FF5A5C212}.Debug|Any CPU.Build.0 = Debug|Any CPU
		{B65EDAF2-C822-4D45-A9CA-ED7FF5A5C212}.Release|Any CPU.ActiveCfg = Release|Any CPU
		{B65EDAF2-C822-4D45-A9CA-ED7FF5A5C212}.Release|Any CPU.Build.0 = Release|Any CPU
	EndGlobalSection
	GlobalSection(SolutionProperties) = preSolution
		HideSolutionNode = FALSE
	EndGlobalSection
EndGlobal
